
Microsoft Visual Studio Solution File, Format Version 12.00
# Visual Studio Version 18
VisualStudioVersion = 18.0.11201.2
MinimumVisualStudioVersion = 10.0.40219.1
Project("{2150E333-8FDC-42A3-9474-1A3956D46DE8}") = "src", "src", "{827E0CD3-B72D-47B6-A68D-7590B98EB39B}"
EndProject
Project("{FAE04EC0-301F-11D3-BF4B-00C04F79EFBC}") = "ReenbitChat.Domain", "src\ReenbitChat.Domain\ReenbitChat.Domain.csproj", "{74891C57-62A1-4CF1-8B44-9C9936D70567}"
EndProject
Project("{FAE04EC0-301F-11D3-BF4B-00C04F79EFBC}") = "ReenbitChat.Application", "src\ReenbitChat.Application\ReenbitChat.Application.csproj", "{C2742C34-834D-4D21-9148-AD163E863D95}"
EndProject
Project("{FAE04EC0-301F-11D3-BF4B-00C04F79EFBC}") = "ReenbitChat.Infrastructure", "src\ReenbitChat.Infrastructure\ReenbitChat.Infrastructure.csproj", "{802A15F9-EB91-498C-9E6F-CFAC383477EE}"
EndProject
Project("{FAE04EC0-301F-11D3-BF4B-00C04F79EFBC}") = "ReenbitChat.Web", "src\ReenbitChat.Web\ReenbitChat.Web.csproj", "{8CC712BF-0E6C-45C6-967A-E409FE8B4BA2}"
EndProject
Global
	GlobalSection(SolutionConfigurationPlatforms) = preSolution
		Debug|Any CPU = Debug|Any CPU
		Debug|x64 = Debug|x64
		Debug|x86 = Debug|x86
		Release|Any CPU = Release|Any CPU
		Release|x64 = Release|x64
		Release|x86 = Release|x86
	EndGlobalSection
	GlobalSection(ProjectConfigurationPlatforms) = postSolution
		{74891C57-62A1-4CF1-8B44-9C9936D70567}.Debug|Any CPU.ActiveCfg = Debug|Any CPU
		{74891C57-62A1-4CF1-8B44-9C9936D70567}.Debug|Any CPU.Build.0 = Debug|Any CPU
		{74891C57-62A1-4CF1-8B44-9C9936D70567}.Debug|x64.ActiveCfg = Debug|Any CPU
		{74891C57-62A1-4CF1-8B44-9C9936D70567}.Debug|x64.Build.0 = Debug|Any CPU
		{74891C57-62A1-4CF1-8B44-9C9936D70567}.Debug|x86.ActiveCfg = Debug|Any CPU
		{74891C57-62A1-4CF1-8B44-9C9936D70567}.Debug|x86.Build.0 = Debug|Any CPU
		{74891C57-62A1-4CF1-8B44-9C9936D70567}.Release|Any CPU.ActiveCfg = Release|Any CPU
		{74891C57-62A1-4CF1-8B44-9C9936D70567}.Release|Any CPU.Build.0 = Release|Any CPU
		{74891C57-62A1-4CF1-8B44-9C9936D70567}.Release|x64.ActiveCfg = Release|Any CPU
		{74891C57-62A1-4CF1-8B44-9C9936D70567}.Release|x64.Build.0 = Release|Any CPU
		{74891C57-62A1-4CF1-8B44-9C9936D70567}.Release|x86.ActiveCfg = Release|Any CPU
		{74891C57-62A1-4CF1-8B44-9C9936D70567}.Release|x86.Build.0 = Release|Any CPU
		{C2742C34-834D-4D21-9148-AD163E863D95}.Debug|Any CPU.ActiveCfg = Debug|Any CPU
		{C2742C34-834D-4D21-9148-AD163E863D95}.Debug|Any CPU.Build.0 = Debug|Any CPU
		{C2742C34-834D-4D21-9148-AD163E863D95}.Debug|x64.ActiveCfg = Debug|Any CPU
		{C2742C34-834D-4D21-9148-AD163E863D95}.Debug|x64.Build.0 = Debug|Any CPU
		{C2742C34-834D-4D21-9148-AD163E863D95}.Debug|x86.ActiveCfg = Debug|Any CPU
		{C2742C34-834D-4D21-9148-AD163E863D95}.Debug|x86.Build.0 = Debug|Any CPU
		{C2742C34-834D-4D21-9148-AD163E863D95}.Release|Any CPU.ActiveCfg = Release|Any CPU
		{C2742C34-834D-4D21-9148-AD163E863D95}.Release|Any CPU.Build.0 = Release|Any CPU
		{C2742C34-834D-4D21-9148-AD163E863D95}.Release|x64.ActiveCfg = Release|Any CPU
		{C2742C34-834D-4D21-9148-AD163E863D95}.Release|x64.Build.0 = Release|Any CPU
		{C2742C34-834D-4D21-9148-AD163E863D95}.Release|x86.ActiveCfg = Release|Any CPU
		{C2742C34-834D-4D21-9148-AD163E863D95}.Release|x86.Build.0 = Release|Any CPU
		{802A15F9-EB91-498C-9E6F-CFAC383477EE}.Debug|Any CPU.ActiveCfg = Debug|Any CPU
		{802A15F9-EB91-498C-9E6F-CFAC383477EE}.Debug|Any CPU.Build.0 = Debug|Any CPU
		{802A15F9-EB91-498C-9E6F-CFAC383477EE}.Debug|x64.ActiveCfg = Debug|Any CPU
		{802A15F9-EB91-498C-9E6F-CFAC383477EE}.Debug|x64.Build.0 = Debug|Any CPU
		{802A15F9-EB91-498C-9E6F-CFAC383477EE}.Debug|x86.ActiveCfg = Debug|Any CPU
		{802A15F9-EB91-498C-9E6F-CFAC383477EE}.Debug|x86.Build.0 = Debug|Any CPU
		{802A15F9-EB91-498C-9E6F-CFAC383477EE}.Release|Any CPU.ActiveCfg = Release|Any CPU
		{802A15F9-EB91-498C-9E6F-CFAC383477EE}.Release|Any CPU.Build.0 = Release|Any CPU
		{802A15F9-EB91-498C-9E6F-CFAC383477EE}.Release|x64.ActiveCfg = Release|Any CPU
		{802A15F9-EB91-498C-9E6F-CFAC383477EE}.Release|x64.Build.0 = Release|Any CPU
		{802A15F9-EB91-498C-9E6F-CFAC383477EE}.Release|x86.ActiveCfg = Release|Any CPU
		{802A15F9-EB91-498C-9E6F-CFAC383477EE}.Release|x86.Build.0 = Release|Any CPU
		{8CC712BF-0E6C-45C6-967A-E409FE8B4BA2}.Debug|Any CPU.ActiveCfg = Debug|Any CPU
		{8CC712BF-0E6C-45C6-967A-E409FE8B4BA2}.Debug|Any CPU.Build.0 = Debug|Any CPU
		{8CC712BF-0E6C-45C6-967A-E409FE8B4BA2}.Debug|x64.ActiveCfg = Debug|Any CPU
		{8CC712BF-0E6C-45C6-967A-E409FE8B4BA2}.Debug|x64.Build.0 = Debug|Any CPU
		{8CC712BF-0E6C-45C6-967A-E409FE8B4BA2}.Debug|x86.ActiveCfg = Debug|Any CPU
		{8CC712BF-0E6C-45C6-967A-E409FE8B4BA2}.Debug|x86.Build.0 = Debug|Any CPU
		{8CC712BF-0E6C-45C6-967A-E409FE8B4BA2}.Release|Any CPU.ActiveCfg = Release|Any CPU
		{8CC712BF-0E6C-45C6-967A-E409FE8B4BA2}.Release|Any CPU.Build.0 = Release|Any CPU
		{8CC712BF-0E6C-45C6-967A-E409FE8B4BA2}.Release|x64.ActiveCfg = Release|Any CPU
		{8CC712BF-0E6C-45C6-967A-E409FE8B4BA2}.Release|x64.Build.0 = Release|Any CPU
		{8CC712BF-0E6C-45C6-967A-E409FE8B4BA2}.Release|x86.ActiveCfg = Release|Any CPU
		{8CC712BF-0E6C-45C6-967A-E409FE8B4BA2}.Release|x86.Build.0 = Release|Any CPU
	EndGlobalSection
	GlobalSection(SolutionProperties) = preSolution
		HideSolutionNode = FALSE
	EndGlobalSection
	GlobalSection(NestedProjects) = preSolution
		{74891C57-62A1-4CF1-8B44-9C9936D70567} = {827E0CD3-B72D-47B6-A68D-7590B98EB39B}
		{C2742C34-834D-4D21-9148-AD163E863D95} = {827E0CD3-B72D-47B6-A68D-7590B98EB39B}
		{802A15F9-EB91-498C-9E6F-CFAC383477EE} = {827E0CD3-B72D-47B6-A68D-7590B98EB39B}
		{8CC712BF-0E6C-45C6-967A-E409FE8B4BA2} = {827E0CD3-B72D-47B6-A68D-7590B98EB39B}
	EndGlobalSection
	GlobalSection(ExtensibilityGlobals) = postSolution
		SolutionGuid = {55EA9563-3FD8-4E17-B9DC-2FC572F3E46A}
	EndGlobalSection
EndGlobal
